{
    "_meta": {
        "hash": {
            "sha256": "259c3e3679c72651bbac93387d08b5081dd3252a6b279d9f1b9694457673fea8"
        },
        "pipfile-spec": 6,
        "requires": {
            "python_version": "3.7"
        },
        "sources": [
            {
                "name": "pypi",
                "url": "https://pypi.org/simple",
                "verify_ssl": true
            }
        ]
    },
    "default": {
        "gps": {
            "hashes": [
                "sha256:5fecc853faad8f0ab12e1310966d8f0fbf58ffa7558c2e7f5086686ede3b1e4a"
            ],
            "index": "pypi",
            "version": "==3.9"
        },
        "rpio": {
            "hashes": [
                "sha256:e124aefcac63f2d427b9f920955009a5d4d1d2b1963dbc30f3fac45cb0ef2ce2"
            ],
            "index": "pypi",
            "version": "==0.10.0"
        }
    },
    "develop": {}
}
